// !$*UTF8*$!
{
	archiveVersion = 1;
	classes = {
	};
	objectVersion = 46;
	objects = {

/* Begin PBXBuildFile section */
		FCBE060419C6AA6900454567 /* AppDelegate.swift in Sources */ = {isa = PBXBuildFile; fileRef = FCBE060319C6AA6900454567 /* AppDelegate.swift */; };
		FCBE060619C6AA6900454567 /* ViewController.swift in Sources */ = {isa = PBXBuildFile; fileRef = FCBE060519C6AA6900454567 /* ViewController.swift */; };
		FCBE060919C6AA6900454567 /* Main.storyboard in Resources */ = {isa = PBXBuildFile; fileRef = FCBE060719C6AA6900454567 /* Main.storyboard */; };
		FCBE060B19C6AA6900454567 /* Images.xcassets in Resources */ = {isa = PBXBuildFile; fileRef = FCBE060A19C6AA6900454567 /* Images.xcassets */; };
		FCBE061719C6AA6900454567 /* RottenTomatoesTests.swift in Sources */ = {isa = PBXBuildFile; fileRef = FCBE061619C6AA6900454567 /* RottenTomatoesTests.swift */; };
/* End PBXBuildFile section */

/* Begin PBXContainerItemProxy section */
		FCBE061119C6AA6900454567 /* PBXContainerItemProxy */ = {
			isa = PBXContainerItemProxy;
			containerPortal = FCBE05F619C6AA6900454567 /* Project object */;
			proxyType = 1;
			remoteGlobalIDString = FCBE05FD19C6AA6900454567;
			remoteInfo = RottenTomatoes;
		};
/* End PBXContainerItemProxy section */

/* Begin PBXFileReference section */
		FCBE05FE19C6AA6900454567 /* RottenTomatoes.app */ = {isa = PBXFileReference; explicitFileType = wrapper.application; includeInIndex = 0; path = RottenTomatoes.app; sourceTree = BUILT_PRODUCTS_DIR; };
		FCBE060219C6AA6900454567 /* Info.plist */ = {isa = PBXFileReference; lastKnownFileType = text.plist.xml; path = Info.plist; sourceTree = "<group>"; };
		FCBE060319C6AA6900454567 /* AppDelegate.swift */ = {isa = PBXFileReference; lastKnownFileType = sourcecode.swift; path = AppDelegate.swift; sourceTree = "<group>"; };
		FCBE060519C6AA6900454567 /* ViewController.swift */ = {isa = PBXFileReference; lastKnownFileType = sourcecode.swift; path = ViewController.swift; sourceTree = "<group>"; };
		FCBE060819C6AA6900454567 /* Base */ = {isa = PBXFileReference; lastKnownFileType = file.storyboard; name = Base; path = Base.lproj/Main.storyboard; sourceTree = "<group>"; };
		FCBE060A19C6AA6900454567 /* Images.xcassets */ = {isa = PBXFileReference; lastKnownFileType = folder.assetcatalog; path = Images.xcassets; sourceTree = "<group>"; };
		FCBE061019C6AA6900454567 /* RottenTomatoesTests.xctest */ = {isa = PBXFileReference; explicitFileType = wrapper.cfbundle; includeInIndex = 0; path = RottenTomatoesTests.xctest; sourceTree = BUILT_PRODUCTS_DIR; };
		FCBE061519C6AA6900454567 /* Info.plist */ = {isa = PBXFileReference; lastKnownFileType = text.plist.xml; path = Info.plist; sourceTree = "<group>"; };
		FCBE061619C6AA6900454567 /* RottenTomatoesTests.swift */ = {isa = PBXFileReference; lastKnownFileType = sourcecode.swift; path = RottenTomatoesTests.swift; sourceTree = "<group>"; };
/* End PBXFileReference section */

/* Begin PBXFrameworksBuildPhase section */
		FCBE05FB19C6AA6900454567 /* Frameworks */ = {
			isa = PBXFrameworksBuildPhase;
			buildActionMask = 2147483647;
			files = (
			);
			runOnlyForDeploymentPostprocessing = 0;
		};
		FCBE060D19C6AA6900454567 /* Frameworks */ = {
			isa = PBXFrameworksBuildPhase;
			buildActionMask = 2147483647;
			files = (
			);
			runOnlyForDeploymentPostprocessing = 0;
		};
/* End PBXFrameworksBuildPhase section */

/* Begin PBXGroup section */
		FCBE05F519C6AA6900454567 = {
			isa = PBXGroup;
			children = (
				FCBE060019C6AA6900454567 /* RottenTomatoes */,
				FCBE061319C6AA6900454567 /* RottenTomatoesTests */,
				FCBE05FF19C6AA6900454567 /* Products */,
			);
			sourceTree = "<group>";
		};
		FCBE05FF19C6AA6900454567 /* Products */ = {
			isa = PBXGroup;
			children = (
				FCBE05FE19C6AA6900454567 /* RottenTomatoes.app */,
				FCBE061019C6AA6900454567 /* RottenTomatoesTests.xctest */,
			);
			name = Products;
			sourceTree = "<group>";
		};
		FCBE060019C6AA6900454567 /* RottenTomatoes */ = {
			isa = PBXGroup;
			children = (
				FCBE060319C6AA6900454567 /* AppDelegate.swift */,
				FCBE060519C6AA6900454567 /* ViewController.swift */,
				FCBE060719C6AA6900454567 /* Main.storyboard */,
				FCBE060A19C6AA6900454567 /* Images.xcassets */,
				FCBE060119C6AA6900454567 /* Supporting Files */,
			);
			path = RottenTomatoes;
			sourceTree = "<group>";
		};
		FCBE060119C6AA6900454567 /* Supporting Files */ = {
			isa = PBXGroup;
			children = (
				FCBE060219C6AA6900454567 /* Info.plist */,
			);
			name = "Supporting Files";
			sourceTree = "<group>";
		};
		FCBE061319C6AA6900454567 /* RottenTomatoesTests */ = {
			isa = PBXGroup;
			children = (
				FCBE061619C6AA6900454567 /* RottenTomatoesTests.swift */,
				FCBE061419C6AA6900454567 /* Supporting Files */,
			);
			path = RottenTomatoesTests;
			sourceTree = "<group>";
		};
		FCBE061419C6AA6900454567 /* Supporting Files */ = {
			isa = PBXGroup;
			children = (
				FCBE061519C6AA6900454567 /* Info.plist */,
			);
			name = "Supporting Files";
			sourceTree = "<group>";
		};
/* End PBXGroup section */

/* Begin PBXNativeTarget section */
		FCBE05FD19C6AA6900454567 /* RottenTomatoes */ = {
			isa = PBXNativeTarget;
			buildConfigurationList = FCBE061A19C6AA6900454567 /* Build configuration list for PBXNativeTarget "RottenTomatoes" */;
			buildPhases = (
				FCBE05FA19C6AA6900454567 /* Sources */,
				FCBE05FB19C6AA6900454567 /* Frameworks */,
				FCBE05FC19C6AA6900454567 /* Resources */,
			);
			buildRules = (
			);
			dependencies = (
			);
			name = RottenTomatoes;
			productName = RottenTomatoes;
			productReference = FCBE05FE19C6AA6900454567 /* RottenTomatoes.app */;
			productType = "com.apple.product-type.application";
		};
		FCBE060F19C6AA6900454567 /* RottenTomatoesTests */ = {
			isa = PBXNativeTarget;
			buildConfigurationList = FCBE061D19C6AA6900454567 /* Build configuration list for PBXNativeTarget "RottenTomatoesTests" */;
			buildPhases = (
				FCBE060C19C6AA6900454567 /* Sources */,
				FCBE060D19C6AA6900454567 /* Frameworks */,
				FCBE060E19C6AA6900454567 /* Resources */,
			);
			buildRules = (
			);
			dependencies = (
				FCBE061219C6AA6900454567 /* PBXTargetDependency */,
			);
			name = RottenTomatoesTests;
			productName = RottenTomatoesTests;
			productReference = FCBE061019C6AA6900454567 /* RottenTomatoesTests.xctest */;
			productType = "com.apple.product-type.bundle.unit-test";
		};
/* End PBXNativeTarget section */

/* Begin PBXProject section */
		FCBE05F619C6AA6900454567 /* Project object */ = {
			isa = PBXProject;
			attributes = {
				LastUpgradeCheck = 0600;
				ORGANIZATIONNAME = "Gautham Krishna";
				TargetAttributes = {
					FCBE05FD19C6AA6900454567 = {
						CreatedOnToolsVersion = 6.0;
					};
					FCBE060F19C6AA6900454567 = {
						CreatedOnToolsVersion = 6.0;
						TestTargetID = FCBE05FD19C6AA6900454567;
					};
				};
			};
			buildConfigurationList = FCBE05F919C6AA6900454567 /* Build configuration list for PBXProject "RottenTomatoes" */;
			compatibilityVersion = "Xcode 3.2";
			developmentRegion = English;
			hasScannedForEncodings = 0;
			knownRegions = (
				en,
				Base,
			);
			mainGroup = FCBE05F519C6AA6900454567;
			productRefGroup = FCBE05FF19C6AA6900454567 /* Products */;
			projectDirPath = "";
			projectRoot = "";
			targets = (
				FCBE05FD19C6AA6900454567 /* RottenTomatoes */,
				FCBE060F19C6AA6900454567 /* RottenTomatoesTests */,
			);
		};
/* End PBXProject section */

/* Begin PBXResourcesBuildPhase section */
		FCBE05FC19C6AA6900454567 /* Resources */ = {
			isa = PBXResourcesBuildPhase;
			buildActionMask = 2147483647;
			files = (
				FCBE060919C6AA6900454567 /* Main.storyboard in Resources */,
				FCBE060B19C6AA6900454567 /* Images.xcassets in Resources */,
			);
			runOnlyForDeploymentPostprocessing = 0;
		};
		FCBE060E19C6AA6900454567 /* Resources */ = {
			isa = PBXResourcesBuildPhase;
			buildActionMask = 2147483647;
			files = (
			);
			runOnlyForDeploymentPostprocessing = 0;
		};
/* End PBXResourcesBuildPhase section */

/* Begin PBXSourcesBuildPhase section */
		FCBE05FA19C6AA6900454567 /* Sources */ = {
			isa = PBXSourcesBuildPhase;
			buildActionMask = 2147483647;
			files = (
				FCBE060619C6AA6900454567 /* ViewController.swift in Sources */,
				FCBE060419C6AA6900454567 /* AppDelegate.swift in Sources */,
			);
			runOnlyForDeploymentPostprocessing = 0;
		};
		FCBE060C19C6AA6900454567 /* Sources */ = {
			isa = PBXSourcesBuildPhase;
			buildActionMask = 2147483647;
			files = (
				FCBE061719C6AA6900454567 /* RottenTomatoesTests.swift in Sources */,
			);
			runOnlyForDeploymentPostprocessing = 0;
		};
/* End PBXSourcesBuildPhase section */

/* Begin PBXTargetDependency section */
		FCBE061219C6AA6900454567 /* PBXTargetDependency */ = {
			isa = PBXTargetDependency;
			target = FCBE05FD19C6AA6900454567 /* RottenTomatoes */;
			targetProxy = FCBE061119C6AA6900454567 /* PBXContainerItemProxy */;
		};
/* End PBXTargetDependency section */

/* Begin PBXVariantGroup section */
		FCBE060719C6AA6900454567 /* Main.storyboard */ = {
			isa = PBXVariantGroup;
			children = (
				FCBE060819C6AA6900454567 /* Base */,
			);
			name = Main.storyboard;
			sourceTree = "<group>";
		};
/* End PBXVariantGroup section */

/* Begin XCBuildConfiguration section */
		FCBE061819C6AA6900454567 /* Debug */ = {
			isa = XCBuildConfiguration;
			buildSettings = {
				ALWAYS_SEARCH_USER_PATHS = NO;
				CLANG_CXX_LANGUAGE_STANDARD = "gnu++0x";
				CLANG_CXX_LIBRARY = "libc++";
				CLANG_ENABLE_MODULES = YES;
				CLANG_ENABLE_OBJC_ARC = YES;
				CLANG_WARN_BOOL_CONVERSION = YES;
				CLANG_WARN_CONSTANT_CONVERSION = YES;
				CLANG_WARN_DIRECT_OBJC_ISA_USAGE = YES_ERROR;
				CLANG_WARN_EMPTY_BODY = YES;
				CLANG_WARN_ENUM_CONVERSION = YES;
				CLANG_WARN_INT_CONVERSION = YES;
				CLANG_WARN_OBJC_ROOT_CLASS = YES_ERROR;
				CLANG_WARN_UNREACHABLE_CODE = YES;
				CLANG_WARN__DUPLICATE_METHOD_MATCH = YES;
				"CODE_SIGN_IDENTITY[sdk=iphoneos*]" = "iPhone Developer";
				COPY_PHASE_STRIP = NO;
				ENABLE_STRICT_OBJC_MSGSEND = YES;
				GCC_C_LANGUAGE_STANDARD = gnu99;
				GCC_DYNAMIC_NO_PIC = NO;
				GCC_OPTIMIZATION_LEVEL = 0;
				GCC_PREPROCESSOR_DEFINITIONS = (
					"DEBUG=1",
					"$(inherited)",
				);
				GCC_SYMBOLS_PRIVATE_EXTERN = NO;
				GCC_WARN_64_TO_32_BIT_CONVERSION = YES;
				GCC_WARN_ABOUT_RETURN_TYPE = YES_ERROR;
				GCC_WARN_UNDECLARED_SELECTOR = YES;
				GCC_WARN_UNINITIALIZED_AUTOS = YES_AGGRESSIVE;
				GCC_WARN_UNUSED_FUNCTION = YES;
				GCC_WARN_UNUSED_VARIABLE = YES;
				IPHONEOS_DEPLOYMENT_TARGET = 8.0;
				MTL_ENABLE_DEBUG_INFO = YES;
				ONLY_ACTIVE_ARCH = YES;
				SDKROOT = iphoneos;
				SWIFT_OPTIMIZATION_LEVEL = "-Onone";
			};
			name = Debug;
		};
		FCBE061919C6AA6900454567 /* Release */ = {
			isa = XCBuildConfiguration;
			buildSettings = {
				ALWAYS_SEARCH_USER_PATHS = NO;
				CLANG_CXX_LANGUAGE_STANDARD = "gnu++0x";
				CLANG_CXX_LIBRARY = "libc++";
				CLANG_ENABLE_MODULES = YES;
				CLANG_ENABLE_OBJC_ARC = YES;
				CLANG_WARN_BOOL_CONVERSION = YES;
				CLANG_WARN_CONSTANT_CONVERSION = YES;
				CLANG_WARN_DIRECT_OBJC_ISA_USAGE = YES_ERROR;
				CLANG_WARN_EMPTY_BODY = YES;
				CLANG_WARN_ENUM_CONVERSION = YES;
				CLANG_WARN_INT_CONVERSION = YES;
				CLANG_WARN_OBJC_ROOT_CLASS = YES_ERROR;
				CLANG_WARN_UNREACHABLE_CODE = YES;
				CLANG_WARN__DUPLICATE_METHOD_MATCH = YES;
				"CODE_SIGN_IDENTITY[sdk=iphoneos*]" = "iPhone Developer";
				COPY_PHASE_STRIP = YES;
				ENABLE_NS_ASSERTIONS = NO;
				ENABLE_STRICT_OBJC_MSGSEND = YES;
				GCC_C_LANGUAGE_STANDARD = gnu99;
				GCC_WARN_64_TO_32_BIT_CONVERSION = YES;
				GCC_WARN_ABOUT_RETURN_TYPE = YES_ERROR;
				GCC_WARN_UNDECLARED_SELECTOR = YES;
				GCC_WARN_UNINITIALIZED_AUTOS = YES_AGGRESSIVE;
				GCC_WARN_UNUSED_FUNCTION = YES;
				GCC_WARN_UNUSED_VARIABLE = YES;
				IPHONEOS_DEPLOYMENT_TARGET = 8.0;
				MTL_ENABLE_DEBUG_INFO = NO;
				SDKROOT = iphoneos;
				VALIDATE_PRODUCT = YES;
			};
			name = Release;
		};
		FCBE061B19C6AA6900454567 /* Debug */ = {
			isa = XCBuildConfiguration;
			buildSettings = {
				ASSETCATALOG_COMPILER_APPICON_NAME = AppIcon;
				ASSETCATALOG_COMPILER_LAUNCHIMAGE_NAME = LaunchImage;
				INFOPLIST_FILE = RottenTomatoes/Info.plist;
				LD_RUNPATH_SEARCH_PATHS = "$(inherited) @executable_path/Frameworks";
				PRODUCT_NAME = "$(TARGET_NAME)";
			};
			name = Debug;
		};
		FCBE061C19C6AA6900454567 /* Release */ = {
			isa = XCBuildConfiguration;
			buildSettings = {
				ASSETCATALOG_COMPILER_APPICON_NAME = AppIcon;
				ASSETCATALOG_COMPILER_LAUNCHIMAGE_NAME = LaunchImage;
				INFOPLIST_FILE = RottenTomatoes/Info.plist;
				LD_RUNPATH_SEARCH_PATHS = "$(inherited) @executable_path/Frameworks";
				PRODUCT_NAME = "$(TARGET_NAME)";
			};
			name = Release;
		};
		FCBE061E19C6AA6900454567 /* Debug */ = {
			isa = XCBuildConfiguration;
			buildSettings = {
				BUNDLE_LOADER = "$(TEST_HOST)";
				FRAMEWORK_SEARCH_PATHS = (
					"$(SDKROOT)/Developer/Library/Frameworks",
					"$(inherited)",
				);
				GCC_PREPROCESSOR_DEFINITIONS = (
					"DEBUG=1",
					"$(inherited)",
				);
				INFOPLIST_FILE = RottenTomatoesTests/Info.plist;
				LD_RUNPATH_SEARCH_PATHS = "$(inherited) @executable_path/Frameworks @loader_path/Frameworks";
				PRODUCT_NAME = "$(TARGET_NAME)";
				TEST_HOST = "$(BUILT_PRODUCTS_DIR)/RottenTomatoes.app/RottenTomatoes";
			};
			name = Debug;
		};
		FCBE061F19C6AA6900454567 /* Release */ = {
			isa = XCBuildConfiguration;
			buildSettings = {
				BUNDLE_LOADER = "$(TEST_HOST)";
				FRAMEWORK_SEARCH_PATHS = (
					"$(SDKROOT)/Developer/Library/Frameworks",
					"$(inherited)",
				);
				INFOPLIST_FILE = RottenTomatoesTests/Info.plist;
				LD_RUNPATH_SEARCH_PATHS = "$(inherited) @executable_path/Frameworks @loader_path/Frameworks";
				PRODUCT_NAME = "$(TARGET_NAME)";
				TEST_HOST = "$(BUILT_PRODUCTS_DIR)/RottenTomatoes.app/RottenTomatoes";
			};
			name = Release;
		};
/* End XCBuildConfiguration section */

/* Begin XCConfigurationList section */
		FCBE05F919C6AA6900454567 /* Build configuration list for PBXProject "RottenTomatoes" */ = {
			isa = XCConfigurationList;
			buildConfigurations = (
				FCBE061819C6AA6900454567 /* Debug */,
				FCBE061919C6AA6900454567 /* Release */,
			);
			defaultConfigurationIsVisible = 0;
			defaultConfigurationName = Release;
		};
		FCBE061A19C6AA6900454567 /* Build configuration list for PBXNativeTarget "RottenTomatoes" */ = {
			isa = XCConfigurationList;
			buildConfigurations = (
				FCBE061B19C6AA6900454567 /* Debug */,
				FCBE061C19C6AA6900454567 /* Release */,
			);
			defaultConfigurationIsVisible = 0;
		};
		FCBE061D19C6AA6900454567 /* Build configuration list for PBXNativeTarget "RottenTomatoesTests" */ = {
			isa = XCConfigurationList;
			buildConfigurations = (
				FCBE061E19C6AA6900454567 /* Debug */,
				FCBE061F19C6AA6900454567 /* Release */,
			);
			defaultConfigurationIsVisible = 0;
		};
/* End XCConfigurationList section */
	};
	rootObject = FCBE05F619C6AA6900454567 /* Project object */;
}
